// !$*UTF8*$!
{
	archiveVersion = 1;
	classes = {
	};
	objectVersion = 46;
	objects = {

/* Begin PBXBuildFile section */
		265F04B71DA9B98C0011D977 /* AppDelegate.swift in Sources */ = {isa = PBXBuildFile; fileRef = 265F04B61DA9B98C0011D977 /* AppDelegate.swift */; };
		265F04B91DA9B98C0011D977 /* AlbumsView.swift in Sources */ = {isa = PBXBuildFile; fileRef = 265F04B81DA9B98C0011D977 /* AlbumsView.swift */; };
		265F04BC1DA9B98C0011D977 /* Main.storyboard in Resources */ = {isa = PBXBuildFile; fileRef = 265F04BA1DA9B98C0011D977 /* Main.storyboard */; };
		265F04BE1DA9B98C0011D977 /* Assets.xcassets in Resources */ = {isa = PBXBuildFile; fileRef = 265F04BD1DA9B98C0011D977 /* Assets.xcassets */; };
		265F04C11DA9B98C0011D977 /* LaunchScreen.storyboard in Resources */ = {isa = PBXBuildFile; fileRef = 265F04BF1DA9B98C0011D977 /* LaunchScreen.storyboard */; };
		265F04CC1DA9B98C0011D977 /* Elo7TestTests.swift in Sources */ = {isa = PBXBuildFile; fileRef = 265F04CB1DA9B98C0011D977 /* Elo7TestTests.swift */; };
		265F04D71DA9B98C0011D977 /* Elo7TestUITests.swift in Sources */ = {isa = PBXBuildFile; fileRef = 265F04D61DA9B98C0011D977 /* Elo7TestUITests.swift */; };
		26D89A341DAA9AD300BDD63B /* AlbumDTO.swift in Sources */ = {isa = PBXBuildFile; fileRef = 26D89A331DAA9AD300BDD63B /* AlbumDTO.swift */; };
		26D89A371DAA9CE500BDD63B /* AlbumService.swift in Sources */ = {isa = PBXBuildFile; fileRef = 26D89A361DAA9CE500BDD63B /* AlbumService.swift */; };
		26D89A3A1DAAA4B400BDD63B /* AlbumRepository.swift in Sources */ = {isa = PBXBuildFile; fileRef = 26D89A391DAAA4B400BDD63B /* AlbumRepository.swift */; };
		26D89A3C1DAAB68D00BDD63B /* Album.swift in Sources */ = {isa = PBXBuildFile; fileRef = 26D89A3B1DAAB68D00BDD63B /* Album.swift */; };
		26D89A3F1DAAB85B00BDD63B /* AlbumRepository+Async.swift in Sources */ = {isa = PBXBuildFile; fileRef = 26D89A3E1DAAB85B00BDD63B /* AlbumRepository+Async.swift */; };
		26D89A461DAAC19A00BDD63B /* AlbumsViewModel.swift in Sources */ = {isa = PBXBuildFile; fileRef = 26D89A451DAAC19A00BDD63B /* AlbumsViewModel.swift */; };
		26D89A491DAAD60600BDD63B /* LoadingView.swift in Sources */ = {isa = PBXBuildFile; fileRef = 26D89A481DAAD60600BDD63B /* LoadingView.swift */; };
		26D89A4B1DAAEC0300BDD63B /* DetalhesView.swift in Sources */ = {isa = PBXBuildFile; fileRef = 26D89A4A1DAAEC0300BDD63B /* DetalhesView.swift */; };
		26D89A4D1DAAEC8A00BDD63B /* AlbumDetalhesViewModel.swift in Sources */ = {isa = PBXBuildFile; fileRef = 26D89A4C1DAAEC8A00BDD63B /* AlbumDetalhesViewModel.swift */; };
		26D89A531DAAF8DD00BDD63B /* AlbumTableViewCell.swift in Sources */ = {isa = PBXBuildFile; fileRef = 26D89A521DAAF8DD00BDD63B /* AlbumTableViewCell.swift */; };
		7C0FD13A4340E91F136A7B3C /* Pods_Elo7Test.framework in Frameworks */ = {isa = PBXBuildFile; fileRef = 1B58613F0C3A75FF256E3626 /* Pods_Elo7Test.framework */; };
/* End PBXBuildFile section */

/* Begin PBXContainerItemProxy section */
		265F04C81DA9B98C0011D977 /* PBXContainerItemProxy */ = {
			isa = PBXContainerItemProxy;
			containerPortal = 265F04AB1DA9B98C0011D977 /* Project object */;
			proxyType = 1;
			remoteGlobalIDString = 265F04B21DA9B98C0011D977;
			remoteInfo = Elo7Test;
		};
		265F04D31DA9B98C0011D977 /* PBXContainerItemProxy */ = {
			isa = PBXContainerItemProxy;
			containerPortal = 265F04AB1DA9B98C0011D977 /* Project object */;
			proxyType = 1;
			remoteGlobalIDString = 265F04B21DA9B98C0011D977;
			remoteInfo = Elo7Test;
		};
/* End PBXContainerItemProxy section */

/* Begin PBXFileReference section */
		1B58613F0C3A75FF256E3626 /* Pods_Elo7Test.framework */ = {isa = PBXFileReference; explicitFileType = wrapper.framework; includeInIndex = 0; path = Pods_Elo7Test.framework; sourceTree = BUILT_PRODUCTS_DIR; };
		1FB9C1868A32258152E715E9 /* Pods-Elo7Test.release.xcconfig */ = {isa = PBXFileReference; includeInIndex = 1; lastKnownFileType = text.xcconfig; name = "Pods-Elo7Test.release.xcconfig"; path = "Pods/Target Support Files/Pods-Elo7Test/Pods-Elo7Test.release.xcconfig"; sourceTree = "<group>"; };
		265F04B31DA9B98C0011D977 /* Elo7Test.app */ = {isa = PBXFileReference; explicitFileType = wrapper.application; includeInIndex = 0; path = Elo7Test.app; sourceTree = BUILT_PRODUCTS_DIR; };
		265F04B61DA9B98C0011D977 /* AppDelegate.swift */ = {isa = PBXFileReference; lastKnownFileType = sourcecode.swift; path = AppDelegate.swift; sourceTree = "<group>"; };
		265F04B81DA9B98C0011D977 /* AlbumsView.swift */ = {isa = PBXFileReference; lastKnownFileType = sourcecode.swift; path = AlbumsView.swift; sourceTree = "<group>"; };
		265F04BB1DA9B98C0011D977 /* Base */ = {isa = PBXFileReference; lastKnownFileType = file.storyboard; name = Base; path = Base.lproj/Main.storyboard; sourceTree = "<group>"; };
		265F04BD1DA9B98C0011D977 /* Assets.xcassets */ = {isa = PBXFileReference; lastKnownFileType = folder.assetcatalog; path = Assets.xcassets; sourceTree = "<group>"; };
		265F04C01DA9B98C0011D977 /* Base */ = {isa = PBXFileReference; lastKnownFileType = file.storyboard; name = Base; path = Base.lproj/LaunchScreen.storyboard; sourceTree = "<group>"; };
		265F04C21DA9B98C0011D977 /* Info.plist */ = {isa = PBXFileReference; lastKnownFileType = text.plist.xml; path = Info.plist; sourceTree = "<group>"; };
		265F04C71DA9B98C0011D977 /* Elo7TestTests.xctest */ = {isa = PBXFileReference; explicitFileType = wrapper.cfbundle; includeInIndex = 0; path = Elo7TestTests.xctest; sourceTree = BUILT_PRODUCTS_DIR; };
		265F04CB1DA9B98C0011D977 /* Elo7TestTests.swift */ = {isa = PBXFileReference; lastKnownFileType = sourcecode.swift; path = Elo7TestTests.swift; sourceTree = "<group>"; };
		265F04CD1DA9B98C0011D977 /* Info.plist */ = {isa = PBXFileReference; lastKnownFileType = text.plist.xml; path = Info.plist; sourceTree = "<group>"; };
		265F04D21DA9B98C0011D977 /* Elo7TestUITests.xctest */ = {isa = PBXFileReference; explicitFileType = wrapper.cfbundle; includeInIndex = 0; path = Elo7TestUITests.xctest; sourceTree = BUILT_PRODUCTS_DIR; };
		265F04D61DA9B98C0011D977 /* Elo7TestUITests.swift */ = {isa = PBXFileReference; lastKnownFileType = sourcecode.swift; path = Elo7TestUITests.swift; sourceTree = "<group>"; };
		265F04D81DA9B98C0011D977 /* Info.plist */ = {isa = PBXFileReference; lastKnownFileType = text.plist.xml; path = Info.plist; sourceTree = "<group>"; };
		26D89A331DAA9AD300BDD63B /* AlbumDTO.swift */ = {isa = PBXFileReference; fileEncoding = 4; lastKnownFileType = sourcecode.swift; name = AlbumDTO.swift; path = Models/AlbumDTO.swift; sourceTree = "<group>"; };
		26D89A361DAA9CE500BDD63B /* AlbumService.swift */ = {isa = PBXFileReference; fileEncoding = 4; lastKnownFileType = sourcecode.swift; name = AlbumService.swift; path = Services/AlbumService.swift; sourceTree = "<group>"; };
		26D89A391DAAA4B400BDD63B /* AlbumRepository.swift */ = {isa = PBXFileReference; fileEncoding = 4; lastKnownFileType = sourcecode.swift; name = AlbumRepository.swift; path = Repositories/AlbumRepository.swift; sourceTree = "<group>"; };
		26D89A3B1DAAB68D00BDD63B /* Album.swift */ = {isa = PBXFileReference; fileEncoding = 4; lastKnownFileType = sourcecode.swift; path = Album.swift; sourceTree = "<group>"; };
		26D89A3E1DAAB85B00BDD63B /* AlbumRepository+Async.swift */ = {isa = PBXFileReference; fileEncoding = 4; lastKnownFileType = sourcecode.swift; name = "AlbumRepository+Async.swift"; path = "Extensions/AlbumRepository+Async.swift"; sourceTree = "<group>"; };
		26D89A451DAAC19A00BDD63B /* AlbumsViewModel.swift */ = {isa = PBXFileReference; fileEncoding = 4; lastKnownFileType = sourcecode.swift; name = AlbumsViewModel.swift; path = ViewModels/AlbumsViewModel.swift; sourceTree = "<group>"; };
		26D89A481DAAD60600BDD63B /* LoadingView.swift */ = {isa = PBXFileReference; fileEncoding = 4; lastKnownFileType = sourcecode.swift; name = LoadingView.swift; path = Views/LoadingView.swift; sourceTree = "<group>"; };
		26D89A4A1DAAEC0300BDD63B /* DetalhesView.swift */ = {isa = PBXFileReference; fileEncoding = 4; lastKnownFileType = sourcecode.swift; name = DetalhesView.swift; path = Views/DetalhesView.swift; sourceTree = "<group>"; };
		26D89A4C1DAAEC8A00BDD63B /* AlbumDetalhesViewModel.swift */ = {isa = PBXFileReference; fileEncoding = 4; lastKnownFileType = sourcecode.swift; name = AlbumDetalhesViewModel.swift; path = ViewModels/AlbumDetalhesViewModel.swift; sourceTree = "<group>"; };
		26D89A521DAAF8DD00BDD63B /* AlbumTableViewCell.swift */ = {isa = PBXFileReference; fileEncoding = 4; lastKnownFileType = sourcecode.swift; name = AlbumTableViewCell.swift; path = Views/Cells/AlbumTableViewCell.swift; sourceTree = "<group>"; };
		9E9DB11BEEB2D9ABA941D61D /* Pods-Elo7Test.debug.xcconfig */ = {isa = PBXFileReference; includeInIndex = 1; lastKnownFileType = text.xcconfig; name = "Pods-Elo7Test.debug.xcconfig"; path = "Pods/Target Support Files/Pods-Elo7Test/Pods-Elo7Test.debug.xcconfig"; sourceTree = "<group>"; };
/* End PBXFileReference section */

/* Begin PBXFrameworksBuildPhase section */
		265F04B01DA9B98C0011D977 /* Frameworks */ = {
			isa = PBXFrameworksBuildPhase;
			buildActionMask = 2147483647;
			files = (
				7C0FD13A4340E91F136A7B3C /* Pods_Elo7Test.framework in Frameworks */,
			);
			runOnlyForDeploymentPostprocessing = 0;
		};
		265F04C41DA9B98C0011D977 /* Frameworks */ = {
			isa = PBXFrameworksBuildPhase;
			buildActionMask = 2147483647;
			files = (
			);
			runOnlyForDeploymentPostprocessing = 0;
		};
		265F04CF1DA9B98C0011D977 /* Frameworks */ = {
			isa = PBXFrameworksBuildPhase;
			buildActionMask = 2147483647;
			files = (
			);
			runOnlyForDeploymentPostprocessing = 0;
		};
/* End PBXFrameworksBuildPhase section */

/* Begin PBXGroup section */
		265F04AA1DA9B98C0011D977 = {
			isa = PBXGroup;
			children = (
				265F04B51DA9B98C0011D977 /* Elo7Test */,
				265F04CA1DA9B98C0011D977 /* Elo7TestTests */,
				265F04D51DA9B98C0011D977 /* Elo7TestUITests */,
				265F04B41DA9B98C0011D977 /* Products */,
				D5A8562A0D22E3984EF21218 /* Pods */,
				C4618E8452818D10F4472C5B /* Frameworks */,
			);
			sourceTree = "<group>";
		};
		265F04B41DA9B98C0011D977 /* Products */ = {
			isa = PBXGroup;
			children = (
				265F04B31DA9B98C0011D977 /* Elo7Test.app */,
				265F04C71DA9B98C0011D977 /* Elo7TestTests.xctest */,
				265F04D21DA9B98C0011D977 /* Elo7TestUITests.xctest */,
			);
			name = Products;
			sourceTree = "<group>";
		};
		265F04B51DA9B98C0011D977 /* Elo7Test */ = {
			isa = PBXGroup;
			children = (
				26D89A441DAAC0FF00BDD63B /* Views */,
				26D89A431DAAC0C400BDD63B /* ViewModels' */,
				26D89A3D1DAAB81C00BDD63B /* Extensions */,
				26D89A381DAAA48700BDD63B /* Repositories */,
				26D89A351DAA9CC200BDD63B /* Services */,
				265F04E41DA9B9EE0011D977 /* Models */,
				265F04B61DA9B98C0011D977 /* AppDelegate.swift */,
				265F04BA1DA9B98C0011D977 /* Main.storyboard */,
				265F04BD1DA9B98C0011D977 /* Assets.xcassets */,
				265F04BF1DA9B98C0011D977 /* LaunchScreen.storyboard */,
				265F04C21DA9B98C0011D977 /* Info.plist */,
			);
			path = Elo7Test;
			sourceTree = "<group>";
		};
		265F04CA1DA9B98C0011D977 /* Elo7TestTests */ = {
			isa = PBXGroup;
			children = (
				265F04CB1DA9B98C0011D977 /* Elo7TestTests.swift */,
				265F04CD1DA9B98C0011D977 /* Info.plist */,
			);
			path = Elo7TestTests;
			sourceTree = "<group>";
		};
		265F04D51DA9B98C0011D977 /* Elo7TestUITests */ = {
			isa = PBXGroup;
			children = (
				265F04D61DA9B98C0011D977 /* Elo7TestUITests.swift */,
				265F04D81DA9B98C0011D977 /* Info.plist */,
			);
			path = Elo7TestUITests;
			sourceTree = "<group>";
		};
		265F04E41DA9B9EE0011D977 /* Models */ = {
			isa = PBXGroup;
			children = (
				26D89A331DAA9AD300BDD63B /* AlbumDTO.swift */,
				26D89A3B1DAAB68D00BDD63B /* Album.swift */,
			);
			name = Models;
			sourceTree = "<group>";
		};
		26D89A351DAA9CC200BDD63B /* Services */ = {
			isa = PBXGroup;
			children = (
				26D89A361DAA9CE500BDD63B /* AlbumService.swift */,
			);
			name = Services;
			sourceTree = "<group>";
		};
		26D89A381DAAA48700BDD63B /* Repositories */ = {
			isa = PBXGroup;
			children = (
				26D89A391DAAA4B400BDD63B /* AlbumRepository.swift */,
			);
			name = Repositories;
			sourceTree = "<group>";
		};
		26D89A3D1DAAB81C00BDD63B /* Extensions */ = {
			isa = PBXGroup;
			children = (
				26D89A3E1DAAB85B00BDD63B /* AlbumRepository+Async.swift */,
			);
			name = Extensions;
			sourceTree = "<group>";
		};
		26D89A431DAAC0C400BDD63B /* ViewModels' */ = {
			isa = PBXGroup;
			children = (
				26D89A451DAAC19A00BDD63B /* AlbumsViewModel.swift */,
				26D89A4C1DAAEC8A00BDD63B /* AlbumDetalhesViewModel.swift */,
			);
			name = "ViewModels'";
			sourceTree = "<group>";
		};
		26D89A441DAAC0FF00BDD63B /* Views */ = {
			isa = PBXGroup;
			children = (
				26D89A471DAACA6200BDD63B /* Cells */,
				265F04B81DA9B98C0011D977 /* AlbumsView.swift */,
				26D89A481DAAD60600BDD63B /* LoadingView.swift */,
				26D89A4A1DAAEC0300BDD63B /* DetalhesView.swift */,
			);
			name = Views;
			sourceTree = "<group>";
		};
		26D89A471DAACA6200BDD63B /* Cells */ = {
			isa = PBXGroup;
			children = (
				26D89A521DAAF8DD00BDD63B /* AlbumTableViewCell.swift */,
			);
			name = Cells;
			sourceTree = "<group>";
		};
		C4618E8452818D10F4472C5B /* Frameworks */ = {
			isa = PBXGroup;
			children = (
				1B58613F0C3A75FF256E3626 /* Pods_Elo7Test.framework */,
			);
			name = Frameworks;
			sourceTree = "<group>";
		};
		D5A8562A0D22E3984EF21218 /* Pods */ = {
			isa = PBXGroup;
			children = (
				9E9DB11BEEB2D9ABA941D61D /* Pods-Elo7Test.debug.xcconfig */,
				1FB9C1868A32258152E715E9 /* Pods-Elo7Test.release.xcconfig */,
			);
			name = Pods;
			sourceTree = "<group>";
		};
/* End PBXGroup section */

/* Begin PBXNativeTarget section */
		265F04B21DA9B98C0011D977 /* Elo7Test */ = {
			isa = PBXNativeTarget;
			buildConfigurationList = 265F04DB1DA9B98C0011D977 /* Build configuration list for PBXNativeTarget "Elo7Test" */;
			buildPhases = (
				02D10D0A45A1427D7B219C68 /* [CP] Check Pods Manifest.lock */,
				265F04AF1DA9B98C0011D977 /* Sources */,
				265F04B01DA9B98C0011D977 /* Frameworks */,
				265F04B11DA9B98C0011D977 /* Resources */,
				2F1415A44EFEEF501F91ADAE /* [CP] Embed Pods Frameworks */,
				736D286583E244D8358B3400 /* [CP] Copy Pods Resources */,
			);
			buildRules = (
			);
			dependencies = (
			);
			name = Elo7Test;
			productName = Elo7Test;
			productReference = 265F04B31DA9B98C0011D977 /* Elo7Test.app */;
			productType = "com.apple.product-type.application";
		};
		265F04C61DA9B98C0011D977 /* Elo7TestTests */ = {
			isa = PBXNativeTarget;
			buildConfigurationList = 265F04DE1DA9B98C0011D977 /* Build configuration list for PBXNativeTarget "Elo7TestTests" */;
			buildPhases = (
				265F04C31DA9B98C0011D977 /* Sources */,
				265F04C41DA9B98C0011D977 /* Frameworks */,
				265F04C51DA9B98C0011D977 /* Resources */,
			);
			buildRules = (
			);
			dependencies = (
				265F04C91DA9B98C0011D977 /* PBXTargetDependency */,
			);
			name = Elo7TestTests;
			productName = Elo7TestTests;
			productReference = 265F04C71DA9B98C0011D977 /* Elo7TestTests.xctest */;
			productType = "com.apple.product-type.bundle.unit-test";
		};
		265F04D11DA9B98C0011D977 /* Elo7TestUITests */ = {
			isa = PBXNativeTarget;
			buildConfigurationList = 265F04E11DA9B98C0011D977 /* Build configuration list for PBXNativeTarget "Elo7TestUITests" */;
			buildPhases = (
				265F04CE1DA9B98C0011D977 /* Sources */,
				265F04CF1DA9B98C0011D977 /* Frameworks */,
				265F04D01DA9B98C0011D977 /* Resources */,
			);
			buildRules = (
			);
			dependencies = (
				265F04D41DA9B98C0011D977 /* PBXTargetDependency */,
			);
			name = Elo7TestUITests;
			productName = Elo7TestUITests;
			productReference = 265F04D21DA9B98C0011D977 /* Elo7TestUITests.xctest */;
			productType = "com.apple.product-type.bundle.ui-testing";
		};
/* End PBXNativeTarget section */

/* Begin PBXProject section */
		265F04AB1DA9B98C0011D977 /* Project object */ = {
			isa = PBXProject;
			attributes = {
				LastSwiftUpdateCheck = 0800;
				LastUpgradeCheck = 0800;
				ORGANIZATIONNAME = "Georges B Junior";
				TargetAttributes = {
					265F04B21DA9B98C0011D977 = {
						CreatedOnToolsVersion = 8.0;
						DevelopmentTeam = B5257P8NYV;
						ProvisioningStyle = Automatic;
					};
					265F04C61DA9B98C0011D977 = {
						CreatedOnToolsVersion = 8.0;
						DevelopmentTeam = B5257P8NYV;
						ProvisioningStyle = Automatic;
						TestTargetID = 265F04B21DA9B98C0011D977;
					};
					265F04D11DA9B98C0011D977 = {
						CreatedOnToolsVersion = 8.0;
						DevelopmentTeam = B5257P8NYV;
						ProvisioningStyle = Automatic;
						TestTargetID = 265F04B21DA9B98C0011D977;
					};
				};
			};
			buildConfigurationList = 265F04AE1DA9B98C0011D977 /* Build configuration list for PBXProject "Elo7Test" */;
			compatibilityVersion = "Xcode 3.2";
			developmentRegion = English;
			hasScannedForEncodings = 0;
			knownRegions = (
				en,
				Base,
			);
			mainGroup = 265F04AA1DA9B98C0011D977;
			productRefGroup = 265F04B41DA9B98C0011D977 /* Products */;
			projectDirPath = "";
			projectRoot = "";
			targets = (
				265F04B21DA9B98C0011D977 /* Elo7Test */,
				265F04C61DA9B98C0011D977 /* Elo7TestTests */,
				265F04D11DA9B98C0011D977 /* Elo7TestUITests */,
			);
		};
/* End PBXProject section */

/* Begin PBXResourcesBuildPhase section */
		265F04B11DA9B98C0011D977 /* Resources */ = {
			isa = PBXResourcesBuildPhase;
			buildActionMask = 2147483647;
			files = (
				265F04C11DA9B98C0011D977 /* LaunchScreen.storyboard in Resources */,
				265F04BE1DA9B98C0011D977 /* Assets.xcassets in Resources */,
				265F04BC1DA9B98C0011D977 /* Main.storyboard in Resources */,
			);
			runOnlyForDeploymentPostprocessing = 0;
		};
		265F04C51DA9B98C0011D977 /* Resources */ = {
			isa = PBXResourcesBuildPhase;
			buildActionMask = 2147483647;
			files = (
			);
			runOnlyForDeploymentPostprocessing = 0;
		};
		265F04D01DA9B98C0011D977 /* Resources */ = {
			isa = PBXResourcesBuildPhase;
			buildActionMask = 2147483647;
			files = (
			);
			runOnlyForDeploymentPostprocessing = 0;
		};
/* End PBXResourcesBuildPhase section */

/* Begin PBXShellScriptBuildPhase section */
		02D10D0A45A1427D7B219C68 /* [CP] Check Pods Manifest.lock */ = {
			isa = PBXShellScriptBuildPhase;
			buildActionMask = 2147483647;
			files = (
			);
			inputPaths = (
			);
			name = "[CP] Check Pods Manifest.lock";
			outputPaths = (
			);
			runOnlyForDeploymentPostprocessing = 0;
			shellPath = /bin/sh;
			shellScript = "diff \"${PODS_ROOT}/../Podfile.lock\" \"${PODS_ROOT}/Manifest.lock\" > /dev/null\nif [ $? != 0 ] ; then\n    # print error to STDERR\n    echo \"error: The sandbox is not in sync with the Podfile.lock. Run 'pod install' or update your CocoaPods installation.\" >&2\n    exit 1\nfi\n";
			showEnvVarsInLog = 0;
		};
		2F1415A44EFEEF501F91ADAE /* [CP] Embed Pods Frameworks */ = {
			isa = PBXShellScriptBuildPhase;
			buildActionMask = 2147483647;
			files = (
			);
			inputPaths = (
			);
			name = "[CP] Embed Pods Frameworks";
			outputPaths = (
			);
			runOnlyForDeploymentPostprocessing = 0;
			shellPath = /bin/sh;
			shellScript = "\"${SRCROOT}/Pods/Target Support Files/Pods-Elo7Test/Pods-Elo7Test-frameworks.sh\"\n";
			showEnvVarsInLog = 0;
		};
		736D286583E244D8358B3400 /* [CP] Copy Pods Resources */ = {
			isa = PBXShellScriptBuildPhase;
			buildActionMask = 2147483647;
			files = (
			);
			inputPaths = (
			);
			name = "[CP] Copy Pods Resources";
			outputPaths = (
			);
			runOnlyForDeploymentPostprocessing = 0;
			shellPath = /bin/sh;
			shellScript = "\"${SRCROOT}/Pods/Target Support Files/Pods-Elo7Test/Pods-Elo7Test-resources.sh\"\n";
			showEnvVarsInLog = 0;
		};
/* End PBXShellScriptBuildPhase section */

/* Begin PBXSourcesBuildPhase section */
		265F04AF1DA9B98C0011D977 /* Sources */ = {
			isa = PBXSourcesBuildPhase;
			buildActionMask = 2147483647;
			files = (
				26D89A461DAAC19A00BDD63B /* AlbumsViewModel.swift in Sources */,
				26D89A3F1DAAB85B00BDD63B /* AlbumRepository+Async.swift in Sources */,
				265F04B91DA9B98C0011D977 /* AlbumsView.swift in Sources */,
				26D89A4D1DAAEC8A00BDD63B /* AlbumDetalhesViewModel.swift in Sources */,
				265F04B71DA9B98C0011D977 /* AppDelegate.swift in Sources */,
				26D89A341DAA9AD300BDD63B /* AlbumDTO.swift in Sources */,
				26D89A3A1DAAA4B400BDD63B /* AlbumRepository.swift in Sources */,
				26D89A4B1DAAEC0300BDD63B /* DetalhesView.swift in Sources */,
				26D89A371DAA9CE500BDD63B /* AlbumService.swift in Sources */,
				26D89A531DAAF8DD00BDD63B /* AlbumTableViewCell.swift in Sources */,
				26D89A3C1DAAB68D00BDD63B /* Album.swift in Sources */,
				26D89A491DAAD60600BDD63B /* LoadingView.swift in Sources */,
			);
			runOnlyForDeploymentPostprocessing = 0;
		};
		265F04C31DA9B98C0011D977 /* Sources */ = {
			isa = PBXSourcesBuildPhase;
			buildActionMask = 2147483647;
			files = (
				265F04CC1DA9B98C0011D977 /* Elo7TestTests.swift in Sources */,
			);
			runOnlyForDeploymentPostprocessing = 0;
		};
		265F04CE1DA9B98C0011D977 /* Sources */ = {
			isa = PBXSourcesBuildPhase;
			buildActionMask = 2147483647;
			files = (
				265F04D71DA9B98C0011D977 /* Elo7TestUITests.swift in Sources */,
			);
			runOnlyForDeploymentPostprocessing = 0;
		};
/* End PBXSourcesBuildPhase section */

/* Begin PBXTargetDependency section */
		265F04C91DA9B98C0011D977 /* PBXTargetDependency */ = {
			isa = PBXTargetDependency;
			target = 265F04B21DA9B98C0011D977 /* Elo7Test */;
			targetProxy = 265F04C81DA9B98C0011D977 /* PBXContainerItemProxy */;
		};
		265F04D41DA9B98C0011D977 /* PBXTargetDependency */ = {
			isa = PBXTargetDependency;
			target = 265F04B21DA9B98C0011D977 /* Elo7Test */;
			targetProxy = 265F04D31DA9B98C0011D977 /* PBXContainerItemProxy */;
		};
/* End PBXTargetDependency section */

/* Begin PBXVariantGroup section */
		265F04BA1DA9B98C0011D977 /* Main.storyboard */ = {
			isa = PBXVariantGroup;
			children = (
				265F04BB1DA9B98C0011D977 /* Base */,
			);
			name = Main.storyboard;
			sourceTree = "<group>";
		};
		265F04BF1DA9B98C0011D977 /* LaunchScreen.storyboard */ = {
			isa = PBXVariantGroup;
			children = (
				265F04C01DA9B98C0011D977 /* Base */,
			);
			name = LaunchScreen.storyboard;
			sourceTree = "<group>";
		};
/* End PBXVariantGroup section */

/* Begin XCBuildConfiguration section */
		265F04D91DA9B98C0011D977 /* Debug */ = {
			isa = XCBuildConfiguration;
			buildSettings = {
				ALWAYS_SEARCH_USER_PATHS = NO;
				CLANG_ANALYZER_NONNULL = YES;
				CLANG_CXX_LANGUAGE_STANDARD = "gnu++0x";
				CLANG_CXX_LIBRARY = "libc++";
				CLANG_ENABLE_MODULES = YES;
				CLANG_ENABLE_OBJC_ARC = YES;
				CLANG_WARN_BOOL_CONVERSION = YES;
				CLANG_WARN_CONSTANT_CONVERSION = YES;
				CLANG_WARN_DIRECT_OBJC_ISA_USAGE = YES_ERROR;
				CLANG_WARN_DOCUMENTATION_COMMENTS = YES;
				CLANG_WARN_EMPTY_BODY = YES;
				CLANG_WARN_ENUM_CONVERSION = YES;
				CLANG_WARN_INFINITE_RECURSION = YES;
				CLANG_WARN_INT_CONVERSION = YES;
				CLANG_WARN_OBJC_ROOT_CLASS = YES_ERROR;
				CLANG_WARN_SUSPICIOUS_MOVE = YES;
				CLANG_WARN_SUSPICIOUS_MOVES = YES;
				CLANG_WARN_UNREACHABLE_CODE = YES;
				CLANG_WARN__DUPLICATE_METHOD_MATCH = YES;
				"CODE_SIGN_IDENTITY[sdk=iphoneos*]" = "iPhone Developer";
				COPY_PHASE_STRIP = NO;
				DEBUG_INFORMATION_FORMAT = dwarf;
				ENABLE_STRICT_OBJC_MSGSEND = YES;
				ENABLE_TESTABILITY = YES;
				GCC_C_LANGUAGE_STANDARD = gnu99;
				GCC_DYNAMIC_NO_PIC = NO;
				GCC_NO_COMMON_BLOCKS = YES;
				GCC_OPTIMIZATION_LEVEL = 0;
				GCC_PREPROCESSOR_DEFINITIONS = (
					"DEBUG=1",
					"$(inherited)",
				);
				GCC_WARN_64_TO_32_BIT_CONVERSION = YES;
				GCC_WARN_ABOUT_RETURN_TYPE = YES_ERROR;
				GCC_WARN_UNDECLARED_SELECTOR = YES;
				GCC_WARN_UNINITIALIZED_AUTOS = YES_AGGRESSIVE;
				GCC_WARN_UNUSED_FUNCTION = YES;
				GCC_WARN_UNUSED_VARIABLE = YES;
				IPHONEOS_DEPLOYMENT_TARGET = 10.0;
				MTL_ENABLE_DEBUG_INFO = YES;
				ONLY_ACTIVE_ARCH = YES;
				SDKROOT = iphoneos;
				SWIFT_ACTIVE_COMPILATION_CONDITIONS = DEBUG;
				SWIFT_OPTIMIZATION_LEVEL = "-Onone";
				TARGETED_DEVICE_FAMILY = "1,2";
			};
			name = Debug;
		};
		265F04DA1DA9B98C0011D977 /* Release */ = {
			isa = XCBuildConfiguration;
			buildSettings = {
				ALWAYS_SEARCH_USER_PATHS = NO;
				CLANG_ANALYZER_NONNULL = YES;
				CLANG_CXX_LANGUAGE_STANDARD = "gnu++0x";
				CLANG_CXX_LIBRARY = "libc++";
				CLANG_ENABLE_MODULES = YES;
				CLANG_ENABLE_OBJC_ARC = YES;
				CLANG_WARN_BOOL_CONVERSION = YES;
				CLANG_WARN_CONSTANT_CONVERSION = YES;
				CLANG_WARN_DIRECT_OBJC_ISA_USAGE = YES_ERROR;
				CLANG_WARN_DOCUMENTATION_COMMENTS = YES;
				CLANG_WARN_EMPTY_BODY = YES;
				CLANG_WARN_ENUM_CONVERSION = YES;
				CLANG_WARN_INFINITE_RECURSION = YES;
				CLANG_WARN_INT_CONVERSION = YES;
				CLANG_WARN_OBJC_ROOT_CLASS = YES_ERROR;
				CLANG_WARN_SUSPICIOUS_MOVE = YES;
				CLANG_WARN_SUSPICIOUS_MOVES = YES;
				CLANG_WARN_UNREACHABLE_CODE = YES;
				CLANG_WARN__DUPLICATE_METHOD_MATCH = YES;
				"CODE_SIGN_IDENTITY[sdk=iphoneos*]" = "iPhone Developer";
				COPY_PHASE_STRIP = NO;
				DEBUG_INFORMATION_FORMAT = "dwarf-with-dsym";
				ENABLE_NS_ASSERTIONS = NO;
				ENABLE_STRICT_OBJC_MSGSEND = YES;
				GCC_C_LANGUAGE_STANDARD = gnu99;
				GCC_NO_COMMON_BLOCKS = YES;
				GCC_WARN_64_TO_32_BIT_CONVERSION = YES;
				GCC_WARN_ABOUT_RETURN_TYPE = YES_ERROR;
				GCC_WARN_UNDECLARED_SELECTOR = YES;
				GCC_WARN_UNINITIALIZED_AUTOS = YES_AGGRESSIVE;
				GCC_WARN_UNUSED_FUNCTION = YES;
				GCC_WARN_UNUSED_VARIABLE = YES;
				IPHONEOS_DEPLOYMENT_TARGET = 10.0;
				MTL_ENABLE_DEBUG_INFO = NO;
				SDKROOT = iphoneos;
				SWIFT_OPTIMIZATION_LEVEL = "-Owholemodule";
				TARGETED_DEVICE_FAMILY = "1,2";
				VALIDATE_PRODUCT = YES;
			};
			name = Release;
		};
		265F04DC1DA9B98C0011D977 /* Debug */ = {
			isa = XCBuildConfiguration;
			baseConfigurationReference = 9E9DB11BEEB2D9ABA941D61D /* Pods-Elo7Test.debug.xcconfig */;
			buildSettings = {
				ALWAYS_EMBED_SWIFT_STANDARD_LIBRARIES = YES;
				ASSETCATALOG_COMPILER_APPICON_NAME = AppIcon;
				DEVELOPMENT_TEAM = B5257P8NYV;
				INFOPLIST_FILE = Elo7Test/Info.plist;
				LD_RUNPATH_SEARCH_PATHS = "$(inherited) @executable_path/Frameworks";
				PRODUCT_BUNDLE_IDENTIFIER = br.com.tucano.Elo7Test;
				PRODUCT_NAME = "$(TARGET_NAME)";
				SWIFT_VERSION = 3.0;
			};
			name = Debug;
		};
		265F04DD1DA9B98C0011D977 /* Release */ = {
			isa = XCBuildConfiguration;
			baseConfigurationReference = 1FB9C1868A32258152E715E9 /* Pods-Elo7Test.release.xcconfig */;
			buildSettings = {
				ALWAYS_EMBED_SWIFT_STANDARD_LIBRARIES = YES;
				ASSETCATALOG_COMPILER_APPICON_NAME = AppIcon;
				DEVELOPMENT_TEAM = B5257P8NYV;
				INFOPLIST_FILE = Elo7Test/Info.plist;
				LD_RUNPATH_SEARCH_PATHS = "$(inherited) @executable_path/Frameworks";
				PRODUCT_BUNDLE_IDENTIFIER = br.com.tucano.Elo7Test;
				PRODUCT_NAME = "$(TARGET_NAME)";
				SWIFT_VERSION = 3.0;
			};
			name = Release;
		};
		265F04DF1DA9B98C0011D977 /* Debug */ = {
			isa = XCBuildConfiguration;
			buildSettings = {
				ALWAYS_EMBED_SWIFT_STANDARD_LIBRARIES = YES;
				BUNDLE_LOADER = "$(TEST_HOST)";
				DEVELOPMENT_TEAM = B5257P8NYV;
				INFOPLIST_FILE = Elo7TestTests/Info.plist;
				LD_RUNPATH_SEARCH_PATHS = "$(inherited) @executable_path/Frameworks @loader_path/Frameworks";
				PRODUCT_BUNDLE_IDENTIFIER = br.com.tucano.Elo7TestTests;
				PRODUCT_NAME = "$(TARGET_NAME)";
				SWIFT_VERSION = 3.0;
				TEST_HOST = "$(BUILT_PRODUCTS_DIR)/Elo7Test.app/Elo7Test";
			};
			name = Debug;
		};
		265F04E01DA9B98C0011D977 /* Release */ = {
			isa = XCBuildConfiguration;
			buildSettings = {
				ALWAYS_EMBED_SWIFT_STANDARD_LIBRARIES = YES;
				BUNDLE_LOADER = "$(TEST_HOST)";
				DEVELOPMENT_TEAM = B5257P8NYV;
				INFOPLIST_FILE = Elo7TestTests/Info.plist;
				LD_RUNPATH_SEARCH_PATHS = "$(inherited) @executable_path/Frameworks @loader_path/Frameworks";
				PRODUCT_BUNDLE_IDENTIFIER = br.com.tucano.Elo7TestTests;
				PRODUCT_NAME = "$(TARGET_NAME)";
				SWIFT_VERSION = 3.0;
				TEST_HOST = "$(BUILT_PRODUCTS_DIR)/Elo7Test.app/Elo7Test";
			};
			name = Release;
		};
		265F04E21DA9B98C0011D977 /* Debug */ = {
			isa = XCBuildConfiguration;
			buildSettings = {
				ALWAYS_EMBED_SWIFT_STANDARD_LIBRARIES = YES;
				DEVELOPMENT_TEAM = B5257P8NYV;
				INFOPLIST_FILE = Elo7TestUITests/Info.plist;
				LD_RUNPATH_SEARCH_PATHS = "$(inherited) @executable_path/Frameworks @loader_path/Frameworks";
				PRODUCT_BUNDLE_IDENTIFIER = br.com.tucano.Elo7TestUITests;
				PRODUCT_NAME = "$(TARGET_NAME)";
				SWIFT_VERSION = 3.0;
				TEST_TARGET_NAME = Elo7Test;
			};
			name = Debug;
		};
		265F04E31DA9B98C0011D977 /* Release */ = {
			isa = XCBuildConfiguration;
			buildSettings = {
				ALWAYS_EMBED_SWIFT_STANDARD_LIBRARIES = YES;
				DEVELOPMENT_TEAM = B5257P8NYV;
				INFOPLIST_FILE = Elo7TestUITests/Info.plist;
				LD_RUNPATH_SEARCH_PATHS = "$(inherited) @executable_path/Frameworks @loader_path/Frameworks";
				PRODUCT_BUNDLE_IDENTIFIER = br.com.tucano.Elo7TestUITests;
				PRODUCT_NAME = "$(TARGET_NAME)";
				SWIFT_VERSION = 3.0;
				TEST_TARGET_NAME = Elo7Test;
			};
			name = Release;
		};
/* End XCBuildConfiguration section */

/* Begin XCConfigurationList section */
		265F04AE1DA9B98C0011D977 /* Build configuration list for PBXProject "Elo7Test" */ = {
			isa = XCConfigurationList;
			buildConfigurations = (
				265F04D91DA9B98C0011D977 /* Debug */,
				265F04DA1DA9B98C0011D977 /* Release */,
			);
			defaultConfigurationIsVisible = 0;
			defaultConfigurationName = Release;
		};
		265F04DB1DA9B98C0011D977 /* Build configuration list for PBXNativeTarget "Elo7Test" */ = {
			isa = XCConfigurationList;
			buildConfigurations = (
				265F04DC1DA9B98C0011D977 /* Debug */,
				265F04DD1DA9B98C0011D977 /* Release */,
			);
			defaultConfigurationIsVisible = 0;
			defaultConfigurationName = Release;
		};
		265F04DE1DA9B98C0011D977 /* Build configuration list for PBXNativeTarget "Elo7TestTests" */ = {
			isa = XCConfigurationList;
			buildConfigurations = (
				265F04DF1DA9B98C0011D977 /* Debug */,
				265F04E01DA9B98C0011D977 /* Release */,
			);
			defaultConfigurationIsVisible = 0;
			defaultConfigurationName = Release;
		};
		265F04E11DA9B98C0011D977 /* Build configuration list for PBXNativeTarget "Elo7TestUITests" */ = {
			isa = XCConfigurationList;
			buildConfigurations = (
				265F04E21DA9B98C0011D977 /* Debug */,
				265F04E31DA9B98C0011D977 /* Release */,
			);
			defaultConfigurationIsVisible = 0;
			defaultConfigurationName = Release;
		};
/* End XCConfigurationList section */
	};
	rootObject = 265F04AB1DA9B98C0011D977 /* Project object */;
}
